{
  "originHash" : "6b75a775863964d31e173850f11e10125bb56249771d11c35137b6640b3e46fd",
  "pins" : [
    {
      "identity" : "swift-argument-parser",
      "kind" : "remoteSourceControl",
      "location" : "https://github.com/apple/swift-argument-parser.git",
      "state" : {
        "revision" : "c5d11a805e765f52ba34ec7284bd4fcd6ba68615",
        "version" : "1.7.0"
      }
    }
  ],
  "version" : 3
}
